// !$*UTF8*$!
{
	archiveVersion = 1;
	classes = {
	};
	objectVersion = 46;
	objects = {

/* Begin PBXBuildFile section */
		BF2D7B741D00E2CF006FC664 /* AppDelegate.swift in Sources */ = {isa = PBXBuildFile; fileRef = BF2D7B731D00E2CF006FC664 /* AppDelegate.swift */; };
		BF2D7B761D00E2CF006FC664 /* ViewController.swift in Sources */ = {isa = PBXBuildFile; fileRef = BF2D7B751D00E2CF006FC664 /* ViewController.swift */; };
		BF2D7B791D00E2CF006FC664 /* Main.storyboard in Resources */ = {isa = PBXBuildFile; fileRef = BF2D7B771D00E2CF006FC664 /* Main.storyboard */; };
		BF2D7B7B1D00E2CF006FC664 /* Assets.xcassets in Resources */ = {isa = PBXBuildFile; fileRef = BF2D7B7A1D00E2CF006FC664 /* Assets.xcassets */; };
		BF2D7B7E1D00E2CF006FC664 /* LaunchScreen.storyboard in Resources */ = {isa = PBXBuildFile; fileRef = BF2D7B7C1D00E2CF006FC664 /* LaunchScreen.storyboard */; };
/* End PBXBuildFile section */

/* Begin PBXFileReference section */
		BF2D7B701D00E2CF006FC664 /* štoperica.app */ = {isa = PBXFileReference; explicitFileType = wrapper.application; includeInIndex = 0; path = "štoperica.app"; sourceTree = BUILT_PRODUCTS_DIR; };
		BF2D7B731D00E2CF006FC664 /* AppDelegate.swift */ = {isa = PBXFileReference; lastKnownFileType = sourcecode.swift; path = AppDelegate.swift; sourceTree = "<group>"; };
		BF2D7B751D00E2CF006FC664 /* ViewController.swift */ = {isa = PBXFileReference; lastKnownFileType = sourcecode.swift; path = ViewController.swift; sourceTree = "<group>"; };
		BF2D7B781D00E2CF006FC664 /* Base */ = {isa = PBXFileReference; lastKnownFileType = file.storyboard; name = Base; path = Base.lproj/Main.storyboard; sourceTree = "<group>"; };
		BF2D7B7A1D00E2CF006FC664 /* Assets.xcassets */ = {isa = PBXFileReference; lastKnownFileType = folder.assetcatalog; path = Assets.xcassets; sourceTree = "<group>"; };
		BF2D7B7D1D00E2CF006FC664 /* Base */ = {isa = PBXFileReference; lastKnownFileType = file.storyboard; name = Base; path = Base.lproj/LaunchScreen.storyboard; sourceTree = "<group>"; };
		BF2D7B7F1D00E2CF006FC664 /* Info.plist */ = {isa = PBXFileReference; lastKnownFileType = text.plist.xml; path = Info.plist; sourceTree = "<group>"; };
/* End PBXFileReference section */

/* Begin PBXFrameworksBuildPhase section */
		BF2D7B6D1D00E2CF006FC664 /* Frameworks */ = {
			isa = PBXFrameworksBuildPhase;
			buildActionMask = 2147483647;
			files = (
			);
			runOnlyForDeploymentPostprocessing = 0;
		};
/* End PBXFrameworksBuildPhase section */

/* Begin PBXGroup section */
		BF2D7B671D00E2CF006FC664 = {
			isa = PBXGroup;
			children = (
				BF2D7B721D00E2CF006FC664 /* štoperica */,
				BF2D7B711D00E2CF006FC664 /* Products */,
			);
			sourceTree = "<group>";
		};
		BF2D7B711D00E2CF006FC664 /* Products */ = {
			isa = PBXGroup;
			children = (
				BF2D7B701D00E2CF006FC664 /* štoperica.app */,
			);
			name = Products;
			sourceTree = "<group>";
		};
		BF2D7B721D00E2CF006FC664 /* štoperica */ = {
			isa = PBXGroup;
			children = (
				BF2D7B731D00E2CF006FC664 /* AppDelegate.swift */,
				BF2D7B751D00E2CF006FC664 /* ViewController.swift */,
				BF2D7B771D00E2CF006FC664 /* Main.storyboard */,
				BF2D7B7A1D00E2CF006FC664 /* Assets.xcassets */,
				BF2D7B7C1D00E2CF006FC664 /* LaunchScreen.storyboard */,
				BF2D7B7F1D00E2CF006FC664 /* Info.plist */,
			);
			path = "štoperica";
			sourceTree = "<group>";
		};
/* End PBXGroup section */

/* Begin PBXNativeTarget section */
		BF2D7B6F1D00E2CF006FC664 /* štoperica */ = {
			isa = PBXNativeTarget;
			buildConfigurationList = BF2D7B821D00E2CF006FC664 /* Build configuration list for PBXNativeTarget "štoperica" */;
			buildPhases = (
				BF2D7B6C1D00E2CF006FC664 /* Sources */,
				BF2D7B6D1D00E2CF006FC664 /* Frameworks */,
				BF2D7B6E1D00E2CF006FC664 /* Resources */,
			);
			buildRules = (
			);
			dependencies = (
			);
			name = "štoperica";
			productName = "štoperica";
			productReference = BF2D7B701D00E2CF006FC664 /* štoperica.app */;
			productType = "com.apple.product-type.application";
		};
/* End PBXNativeTarget section */

/* Begin PBXProject section */
		BF2D7B681D00E2CF006FC664 /* Project object */ = {
			isa = PBXProject;
			attributes = {
				LastSwiftUpdateCheck = 0730;
				LastUpgradeCheck = 0730;
				ORGANIZATIONNAME = User;
				TargetAttributes = {
					BF2D7B6F1D00E2CF006FC664 = {
						CreatedOnToolsVersion = 7.3;
					};
				};
			};
			buildConfigurationList = BF2D7B6B1D00E2CF006FC664 /* Build configuration list for PBXProject "štoperica" */;
			compatibilityVersion = "Xcode 3.2";
			developmentRegion = English;
			hasScannedForEncodings = 0;
			knownRegions = (
				en,
				Base,
			);
			mainGroup = BF2D7B671D00E2CF006FC664;
			productRefGroup = BF2D7B711D00E2CF006FC664 /* Products */;
			projectDirPath = "";
			projectRoot = "";
			targets = (
				BF2D7B6F1D00E2CF006FC664 /* štoperica */,
			);
		};
/* End PBXProject section */

/* Begin PBXResourcesBuildPhase section */
		BF2D7B6E1D00E2CF006FC664 /* Resources */ = {
			isa = PBXResourcesBuildPhase;
			buildActionMask = 2147483647;
			files = (
				BF2D7B7E1D00E2CF006FC664 /* LaunchScreen.storyboard in Resources */,
				BF2D7B7B1D00E2CF006FC664 /* Assets.xcassets in Resources */,
				BF2D7B791D00E2CF006FC664 /* Main.storyboard in Resources */,
			);
			runOnlyForDeploymentPostprocessing = 0;
		};
/* End PBXResourcesBuildPhase section */

/* Begin PBXSourcesBuildPhase section */
		BF2D7B6C1D00E2CF006FC664 /* Sources */ = {
			isa = PBXSourcesBuildPhase;
			buildActionMask = 2147483647;
			files = (
				BF2D7B761D00E2CF006FC664 /* ViewController.swift in Sources */,
				BF2D7B741D00E2CF006FC664 /* AppDelegate.swift in Sources */,
			);
			runOnlyForDeploymentPostprocessing = 0;
		};
/* End PBXSourcesBuildPhase section */

/* Begin PBXVariantGroup section */
		BF2D7B771D00E2CF006FC664 /* Main.storyboard */ = {
			isa = PBXVariantGroup;
			children = (
				BF2D7B781D00E2CF006FC664 /* Base */,
			);
			name = Main.storyboard;
			sourceTree = "<group>";
		};
		BF2D7B7C1D00E2CF006FC664 /* LaunchScreen.storyboard */ = {
			isa = PBXVariantGroup;
			children = (
				BF2D7B7D1D00E2CF006FC664 /* Base */,
			);
			name = LaunchScreen.storyboard;
			sourceTree = "<group>";
		};
/* End PBXVariantGroup section */

/* Begin XCBuildConfiguration section */
		BF2D7B801D00E2CF006FC664 /* Debug */ = {
			isa = XCBuildConfiguration;
			buildSettings = {
				ALWAYS_SEARCH_USER_PATHS = NO;
				CLANG_ANALYZER_NONNULL = YES;
				CLANG_CXX_LANGUAGE_STANDARD = "gnu++0x";
				CLANG_CXX_LIBRARY = "libc++";
				CLANG_ENABLE_MODULES = YES;
				CLANG_ENABLE_OBJC_ARC = YES;
				CLANG_WARN_BOOL_CONVERSION = YES;
				CLANG_WARN_CONSTANT_CONVERSION = YES;
				CLANG_WARN_DIRECT_OBJC_ISA_USAGE = YES_ERROR;
				CLANG_WARN_EMPTY_BODY = YES;
				CLANG_WARN_ENUM_CONVERSION = YES;
				CLANG_WARN_INT_CONVERSION = YES;
				CLANG_WARN_OBJC_ROOT_CLASS = YES_ERROR;
				CLANG_WARN_UNREACHABLE_CODE = YES;
				CLANG_WARN__DUPLICATE_METHOD_MATCH = YES;
				"CODE_SIGN_IDENTITY[sdk=iphoneos*]" = "iPhone Developer";
				COPY_PHASE_STRIP = NO;
				DEBUG_INFORMATION_FORMAT = dwarf;
				ENABLE_STRICT_OBJC_MSGSEND = YES;
				ENABLE_TESTABILITY = YES;
				GCC_C_LANGUAGE_STANDARD = gnu99;
				GCC_DYNAMIC_NO_PIC = NO;
				GCC_NO_COMMON_BLOCKS = YES;
				GCC_OPTIMIZATION_LEVEL = 0;
				GCC_PREPROCESSOR_DEFINITIONS = (
					"DEBUG=1",
					"$(inherited)",
				);
				GCC_WARN_64_TO_32_BIT_CONVERSION = YES;
				GCC_WARN_ABOUT_RETURN_TYPE = YES_ERROR;
				GCC_WARN_UNDECLARED_SELECTOR = YES;
				GCC_WARN_UNINITIALIZED_AUTOS = YES_AGGRESSIVE;
				GCC_WARN_UNUSED_FUNCTION = YES;
				GCC_WARN_UNUSED_VARIABLE = YES;
				IPHONEOS_DEPLOYMENT_TARGET = 9.3;
				MTL_ENABLE_DEBUG_INFO = YES;
				ONLY_ACTIVE_ARCH = YES;
				SDKROOT = iphoneos;
				SWIFT_OPTIMIZATION_LEVEL = "-Onone";
				TARGETED_DEVICE_FAMILY = "1,2";
			};
			name = Debug;
		};
		BF2D7B811D00E2CF006FC664 /* Release */ = {
			isa = XCBuildConfiguration;
			buildSettings = {
				ALWAYS_SEARCH_USER_PATHS = NO;
				CLANG_ANALYZER_NONNULL = YES;
				CLANG_CXX_LANGUAGE_STANDARD = "gnu++0x";
				CLANG_CXX_LIBRARY = "libc++";
				CLANG_ENABLE_MODULES = YES;
				CLANG_ENABLE_OBJC_ARC = YES;
				CLANG_WARN_BOOL_CONVERSION = YES;
				CLANG_WARN_CONSTANT_CONVERSION = YES;
				CLANG_WARN_DIRECT_OBJC_ISA_USAGE = YES_ERROR;
				CLANG_WARN_EMPTY_BODY = YES;
				CLANG_WARN_ENUM_CONVERSION = YES;
				CLANG_WARN_INT_CONVERSION = YES;
				CLANG_WARN_OBJC_ROOT_CLASS = YES_ERROR;
				CLANG_WARN_UNREACHABLE_CODE = YES;
				CLANG_WARN__DUPLICATE_METHOD_MATCH = YES;
				"CODE_SIGN_IDENTITY[sdk=iphoneos*]" = "iPhone Developer";
				COPY_PHASE_STRIP = NO;
				DEBUG_INFORMATION_FORMAT = "dwarf-with-dsym";
				ENABLE_NS_ASSERTIONS = NO;
				ENABLE_STRICT_OBJC_MSGSEND = YES;
				GCC_C_LANGUAGE_STANDARD = gnu99;
				GCC_NO_COMMON_BLOCKS = YES;
				GCC_WARN_64_TO_32_BIT_CONVERSION = YES;
				GCC_WARN_ABOUT_RETURN_TYPE = YES_ERROR;
				GCC_WARN_UNDECLARED_SELECTOR = YES;
				GCC_WARN_UNINITIALIZED_AUTOS = YES_AGGRESSIVE;
				GCC_WARN_UNUSED_FUNCTION = YES;
				GCC_WARN_UNUSED_VARIABLE = YES;
				IPHONEOS_DEPLOYMENT_TARGET = 9.3;
				MTL_ENABLE_DEBUG_INFO = NO;
				SDKROOT = iphoneos;
				TARGETED_DEVICE_FAMILY = "1,2";
				VALIDATE_PRODUCT = YES;
			};
			name = Release;
		};
		BF2D7B831D00E2CF006FC664 /* Debug */ = {
			isa = XCBuildConfiguration;
			buildSettings = {
				ASSETCATALOG_COMPILER_APPICON_NAME = AppIcon;
				INFOPLIST_FILE = "štoperica/Info.plist";
				LD_RUNPATH_SEARCH_PATHS = "$(inherited) @executable_path/Frameworks";
				PRODUCT_BUNDLE_IDENTIFIER = "vuk.com.s-toperica";
				PRODUCT_NAME = "$(TARGET_NAME)";
			};
			name = Debug;
		};
		BF2D7B841D00E2CF006FC664 /* Release */ = {
			isa = XCBuildConfiguration;
			buildSettings = {
				ASSETCATALOG_COMPILER_APPICON_NAME = AppIcon;
				INFOPLIST_FILE = "štoperica/Info.plist";
				LD_RUNPATH_SEARCH_PATHS = "$(inherited) @executable_path/Frameworks";
				PRODUCT_BUNDLE_IDENTIFIER = "vuk.com.s-toperica";
				PRODUCT_NAME = "$(TARGET_NAME)";
			};
			name = Release;
		};
/* End XCBuildConfiguration section */

/* Begin XCConfigurationList section */
		BF2D7B6B1D00E2CF006FC664 /* Build configuration list for PBXProject "štoperica" */ = {
			isa = XCConfigurationList;
			buildConfigurations = (
				BF2D7B801D00E2CF006FC664 /* Debug */,
				BF2D7B811D00E2CF006FC664 /* Release */,
			);
			defaultConfigurationIsVisible = 0;
			defaultConfigurationName = Release;
		};
		BF2D7B821D00E2CF006FC664 /* Build configuration list for PBXNativeTarget "štoperica" */ = {
			isa = XCConfigurationList;
			buildConfigurations = (
				BF2D7B831D00E2CF006FC664 /* Debug */,
				BF2D7B841D00E2CF006FC664 /* Release */,
			);
			defaultConfigurationIsVisible = 0;
		};
/* End XCConfigurationList section */
	};
	rootObject = BF2D7B681D00E2CF006FC664 /* Project object */;
}
